
Microsoft Visual Studio Solution File, Format Version 12.00
# Visual Studio Version 17
VisualStudioVersion = 17.10.35027.167
MinimumVisualStudioVersion = 10.0.40219.1
Project("{FAE04EC0-301F-11D3-BF4B-00C04F79EFBC}") = "PinewoodExercise", "PinewoodExercise.csproj", "{5FB6B768-41D3-4A6B-82BE-C369B328E7F8}"
EndProject
Global
	GlobalSection(SolutionConfigurationPlatforms) = preSolution
		Debug|Any CPU = Debug|Any CPU
		Release|Any CPU = Release|Any CPU
	EndGlobalSection
	GlobalSection(ProjectConfigurationPlatforms) = postSolution
		{5FB6B768-41D3-4A6B-82BE-C369B328E7F8}.Debug|Any CPU.ActiveCfg = Debug|Any CPU
		{5FB6B768-41D3-4A6B-82BE-C369B328E7F8}.Debug|Any CPU.Build.0 = Debug|Any CPU
		{5FB6B768-41D3-4A6B-82BE-C369B328E7F8}.Release|Any CPU.ActiveCfg = Release|Any CPU
		{5FB6B768-41D3-4A6B-82BE-C369B328E7F8}.Release|Any CPU.Build.0 = Release|Any CPU
	EndGlobalSection
	GlobalSection(SolutionProperties) = preSolution
		HideSolutionNode = FALSE
	EndGlobalSection
	GlobalSection(ExtensibilityGlobals) = postSolution
		SolutionGuid = {3C8BE722-8B97-497F-848B-7632A75B4B02}
	EndGlobalSection
EndGlobal
